
Microsoft Visual Studio Solution File, Format Version 12.00
# Visual Studio Version 17
VisualStudioVersion = 17.11.34929.205
MinimumVisualStudioVersion = 10.0.40219.1
Project("{FAE04EC0-301F-11D3-BF4B-00C04F79EFBC}") = "TeaTradeCompany", "TeaTradeCompany\TeaTradeCompany.csproj", "{DF66CD31-6B54-4A46-9FA4-B21FC672A5CE}"
EndProject
Global
	GlobalSection(SolutionConfigurationPlatforms) = preSolution
		Debug|Any CPU = Debug|Any CPU
		Release|Any CPU = Release|Any CPU
	EndGlobalSection
	GlobalSection(ProjectConfigurationPlatforms) = postSolution
		{DF66CD31-6B54-4A46-9FA4-B21FC672A5CE}.Debug|Any CPU.ActiveCfg = Debug|Any CPU
		{DF66CD31-6B54-4A46-9FA4-B21FC672A5CE}.Debug|Any CPU.Build.0 = Debug|Any CPU
		{DF66CD31-6B54-4A46-9FA4-B21FC672A5CE}.Release|Any CPU.ActiveCfg = Release|Any CPU
		{DF66CD31-6B54-4A46-9FA4-B21FC672A5CE}.Release|Any CPU.Build.0 = Release|Any CPU
	EndGlobalSection
	GlobalSection(SolutionProperties) = preSolution
		HideSolutionNode = FALSE
	EndGlobalSection
	GlobalSection(ExtensibilityGlobals) = postSolution
		SolutionGuid = {76446510-2DED-4841-B3F7-6F9D77CBC9E9}
	EndGlobalSection
EndGlobal
